schema: '2.0'
stages:
  SmilesToAtoms:
    cmd: zntrack run ipsuite.nodes.SmilesToAtoms --name SmilesToAtoms
    params:
      params.yaml:
        SmilesToAtoms:
          cell:
          optimizer: UFF
          seed: 1234
          smiles: CCO
    outs:
    - path: nodes/SmilesToAtoms/atoms.h5
      md5: 808938543a3b7080b87b90c152e1fcf3
      size: 27968
    - path: nodes/SmilesToAtoms/molecule.png
      md5: 5d6fda4c829f9e52847751de0833a133
      size: 4569
  Packmol:
    cmd: zntrack run ipsuite.nodes.Packmol --name Packmol
    deps:
    - path: nodes/SmilesToAtoms/atoms.h5
      md5: 808938543a3b7080b87b90c152e1fcf3
      size: 27968
    - path: nodes/SmilesToAtoms/molecule.png
      md5: 5d6fda4c829f9e52847751de0833a133
      size: 4569
    params:
      params.yaml:
        Packmol:
          box:
          count:
          - 10
          data_ids:
          density: 789
          tolerance: 2.0
    outs:
    - path: nodes/Packmol/atoms.h5
      md5: f2fff71dd556172bfbf78869fb7366b6
      size: 30128
    - path: nodes/Packmol/packmol
      md5: 6ff1f2df62facf65ed7ae9c1fcedb91a.dir
      size: 5876
      nfiles: 3
  CP2KSinglePoint:
    cmd: zntrack run ipsuite.nodes.CP2KSinglePoint --name CP2KSinglePoint
    deps:
    - path: GTH_BASIS_SETS
      md5: 518e733a7344699cf0b4192bb97eb6a3
      size: 119403
    - path: GTH_POTENTIALS
      md5: 3a35b03b26b8ba5cf6c1d849dba11f15
      size: 128982
    - path: dftd3.dat
      md5: 88745bcc951a4bcdccc4d6bcfa78d105
      size: 1959318
    - path: nodes/Packmol/atoms.h5
      md5: f2fff71dd556172bfbf78869fb7366b6
      size: 30128
    - path: nodes/Packmol/packmol
      md5: 6ff1f2df62facf65ed7ae9c1fcedb91a.dir
      size: 5876
      nfiles: 3
    params:
      cp2k.yaml:
        force_eval:
          method: quickstep
          DFT:
            mgrid:
              cutoff: 1800.0
              rel_cutoff: 120.0
              ngrids: 5
            QS:
              eps_filter_matrix: 0.0
              eps_pgf_orb: 0.0001
            SCF:
              scf_guess: restart
              max_scf: 100
              eps_scf: 1e-06
              OT:
                minimizer: diis
                preconditioner: full_single_inverse
              outer_scf:
                max_scf: 100
                eps_scf: 1e-06
              print:
                restart:
                  each:
                    QS_SCF: 0
            XC:
              xc_functional:
                becke97:
                  scale_c: 1.0
                  scale_x: 1.0
              vdw_potential:
                pair_potential:
                  type: DFTD3
                  parameter_file_name: dftd3.dat
                  reference_functional: PBE
                  r_cutoff: 16
                potential_type: pair_potential
            print:
              moments:
                _: ON
              hirshfeld:
                _: ON
            charge: 0
            basis_set_file_name: GTH_BASIS_SETS
            potential_file_name: GTH_POTENTIALS
          subsys:
            kind:
              O:
                basis_set: TZVP-GTH-q6
                potential: GTH-PBE-q6
              C:
                basis_set: TZVP-GTH-q4
                potential: GTH-PBE-q4
              H:
                basis_set: TZVP-GTH-q1
                potential: GTH-PBE-q1
    outs:
    - path: nodes/CP2KSinglePoint/atoms.h5
      md5: 4478254ef8c1ccff336c3518f3ca9951
      size: 44968
    - path: nodes/CP2KSinglePoint/cp2k
      md5: 5563a4a62a0c0d5f8582b43c3f95cb70.dir
      size: 814316
      nfiles: 3
  EtOH-x10:
    cmd: zntrack run ipsuite.nodes.ASEGeoOpt --name EtOH-x10
    deps:
    - path: nodes/CP2KSinglePoint/atoms.h5
      md5: 4478254ef8c1ccff336c3518f3ca9951
      size: 44968
    - path: nodes/CP2KSinglePoint/cp2k
      md5: 5563a4a62a0c0d5f8582b43c3f95cb70.dir
      size: 814316
      nfiles: 3
    - path: nodes/Packmol/atoms.h5
      md5: f2fff71dd556172bfbf78869fb7366b6
      size: 30128
    - path: nodes/Packmol/packmol
      md5: 6ff1f2df62facf65ed7ae9c1fcedb91a.dir
      size: 5876
      nfiles: 3
    params:
      params.yaml:
        EtOH-x10:
          data_id: 0
          init_kwargs: {}
          optimizer: BFGS
          repeat:
          - 1
          - 1
          - 1
          run_kwargs:
            fmax: 0.1
    outs:
    - path: nodes/EtOH-x10/model_outs
      md5: 8c67a57b738d61d690519f96d9fcd1d4.dir
      size: 5364241
      nfiles: 7
    - path: nodes/EtOH-x10/optim.traj
      md5: 49965668d8afaba966bde94a8c5173ad
      size: 855042
