schema: '2.0'
stages:
  SmilesToAtoms:
    cmd: zntrack run ipsuite.nodes.SmilesToAtoms --name SmilesToAtoms
    params:
      params.yaml:
        SmilesToAtoms:
          cell:
          optimizer: UFF
          seed: 1234
          smiles: CO
    outs:
    - path: nodes/SmilesToAtoms/atoms.h5
      md5: 5b1ac390c15e63c4b6e1160f74a3b751
      size: 27968
    - path: nodes/SmilesToAtoms/molecule.png
      md5: 73ecc6c1c0a0759a2ec38d6fbc36c025
      size: 2512
    - path: nodes/SmilesToAtoms/node-meta.json
      hash: md5
      md5: 4f60b11b4aa1bea837742fe243c35b36
      size: 48
  Packmol:
    cmd: zntrack run ipsuite.nodes.Packmol --name Packmol
    deps:
    - path: nodes/SmilesToAtoms/atoms.h5
      md5: 5b1ac390c15e63c4b6e1160f74a3b751
      size: 27968
    - path: nodes/SmilesToAtoms/molecule.png
      md5: 73ecc6c1c0a0759a2ec38d6fbc36c025
      size: 2512
    - path: nodes/SmilesToAtoms/node-meta.json
      hash: md5
      md5: 4f60b11b4aa1bea837742fe243c35b36
      size: 48
    params:
      params.yaml:
        Packmol:
          box:
          count:
          - 10
          data_ids:
          density: 792
          tolerance: 2.0
    outs:
    - path: nodes/Packmol/atoms.h5
      md5: 1867c1d6f9859921b1c0d67960912051
      size: 30016
    - path: nodes/Packmol/node-meta.json
      hash: md5
      md5: d610719c2c0d3baf6d04750e74c60f1c
      size: 48
    - path: nodes/Packmol/packmol
      md5: 27b9e5a5d410eb8ee38e0ec54e261680.dir
      size: 4034
      nfiles: 3
  CP2KSinglePoint:
    cmd: zntrack run ipsuite.nodes.CP2KSinglePoint --name CP2KSinglePoint
    deps:
    - path: GTH_BASIS_SETS
      md5: 518e733a7344699cf0b4192bb97eb6a3
      size: 119403
    - path: GTH_POTENTIALS
      md5: 3a35b03b26b8ba5cf6c1d849dba11f15
      size: 128982
    - path: dftd3.dat
      md5: 88745bcc951a4bcdccc4d6bcfa78d105
      size: 1959318
    - path: nodes/Packmol/atoms.h5
      md5: 1867c1d6f9859921b1c0d67960912051
      size: 30016
    - path: nodes/Packmol/node-meta.json
      hash: md5
      md5: d610719c2c0d3baf6d04750e74c60f1c
      size: 48
    - path: nodes/Packmol/packmol
      md5: 27b9e5a5d410eb8ee38e0ec54e261680.dir
      size: 4034
      nfiles: 3
    params:
      cp2k.yaml:
        force_eval:
          method: quickstep
          DFT:
            mgrid:
              cutoff: 1800.0
              rel_cutoff: 120.0
              ngrids: 5
            QS:
              eps_filter_matrix: 0.0
              eps_pgf_orb: 0.0001
            SCF:
              scf_guess: restart
              max_scf: 100
              eps_scf: 1e-06
              OT:
                minimizer: diis
                preconditioner: full_single_inverse
              outer_scf:
                max_scf: 100
                eps_scf: 1e-06
              print:
                restart:
                  each:
                    QS_SCF: 0
            XC:
              xc_functional:
                becke97:
                  scale_c: 1.0
                  scale_x: 1.0
              vdw_potential:
                pair_potential:
                  type: DFTD3
                  parameter_file_name: dftd3.dat
                  reference_functional: PBE
                  r_cutoff: 16
                potential_type: pair_potential
            print:
              moments:
                _: ON
              hirshfeld:
                _: ON
            charge: 0
            basis_set_file_name: GTH_BASIS_SETS
            potential_file_name: GTH_POTENTIALS
          subsys:
            kind:
              O:
                basis_set: TZVP-GTH-q6
                potential: GTH-PBE-q6
              C:
                basis_set: TZVP-GTH-q4
                potential: GTH-PBE-q4
              H:
                basis_set: TZVP-GTH-q1
                potential: GTH-PBE-q1
    outs:
    - path: nodes/CP2KSinglePoint/atoms.h5
      md5: 111b296c3f1b2c6dc5b72665c2897d76
      size: 42696
    - path: nodes/CP2KSinglePoint/cp2k
      md5: 0c2e2444bbe3bda7f6ba48223f62d6a5.dir
      size: 425424
      nfiles: 3
    - path: nodes/CP2KSinglePoint/node-meta.json
      hash: md5
      md5: da794ccc4c572ee5c4a3af40b60afb1c
      size: 48
  MeOH-x10:
    cmd: zntrack run ipsuite.nodes.ASEGeoOpt --name MeOH-x10
    deps:
    - path: nodes/CP2KSinglePoint/atoms.h5
      md5: 111b296c3f1b2c6dc5b72665c2897d76
      size: 42696
    - path: nodes/CP2KSinglePoint/cp2k
      md5: 0c2e2444bbe3bda7f6ba48223f62d6a5.dir
      size: 425424
      nfiles: 3
    - path: nodes/CP2KSinglePoint/node-meta.json
      hash: md5
      md5: da794ccc4c572ee5c4a3af40b60afb1c
      size: 48
    - path: nodes/Packmol/atoms.h5
      md5: 1867c1d6f9859921b1c0d67960912051
      size: 30016
    - path: nodes/Packmol/node-meta.json
      hash: md5
      md5: d610719c2c0d3baf6d04750e74c60f1c
      size: 48
    - path: nodes/Packmol/packmol
      md5: 27b9e5a5d410eb8ee38e0ec54e261680.dir
      size: 4034
      nfiles: 3
    params:
      params.yaml:
        MeOH-x10:
          data_id: 0
          dump_rate: 1000
          init_kwargs: {}
          optimizer: BFGS
          repeat:
          - 1
          - 1
          - 1
          run_kwargs:
            fmax: 0.1
    outs:
    - path: nodes/MeOH-x10/model_outs
      md5: 65a27558bfbe0313e961fedb935f1f0c.dir
      size: 3929326
      nfiles: 7
    - path: nodes/MeOH-x10/node-meta.json
      hash: md5
      md5: eeafae3deec5a3389416922efb5c17c8
      size: 48
    - path: nodes/MeOH-x10/trajectory.h5
      hash: md5
      md5: 7bf8997d62517cd3303f6e1abf2b537b
      size: 788256
